
Microsoft Visual Studio Solution File, Format Version 12.00
# Visual Studio 14
VisualStudioVersion = 14.0.23107.0
MinimumVisualStudioVersion = 10.0.40219.1
Project("{FAE04EC0-301F-11D3-BF4B-00C04F79EFBC}") = "JK_Futures", "JK_Futures\JK_Futures.csproj", "{E007FA20-C5EF-4A9F-AB79-C0FA152984CD}"
EndProject
Project("{FAE04EC0-301F-11D3-BF4B-00C04F79EFBC}") = "WebScoket", "WebScoket\WebScoket.csproj", "{693C6E37-E789-4E80-A4B6-DDFD5461BA37}"
EndProject
Project("{FAE04EC0-301F-11D3-BF4B-00C04F79EFBC}") = "Core", "Core\Core.csproj", "{99097C4C-C454-4C32-B5E3-646D00DDCE2E}"
EndProject
Global
	GlobalSection(SolutionConfigurationPlatforms) = preSolution
		Debug|Any CPU = Debug|Any CPU
		Release|Any CPU = Release|Any CPU
	EndGlobalSection
	GlobalSection(ProjectConfigurationPlatforms) = postSolution
		{E007FA20-C5EF-4A9F-AB79-C0FA152984CD}.Debug|Any CPU.ActiveCfg = Debug|Any CPU
		{E007FA20-C5EF-4A9F-AB79-C0FA152984CD}.Debug|Any CPU.Build.0 = Debug|Any CPU
		{E007FA20-C5EF-4A9F-AB79-C0FA152984CD}.Release|Any CPU.ActiveCfg = Release|Any CPU
		{E007FA20-C5EF-4A9F-AB79-C0FA152984CD}.Release|Any CPU.Build.0 = Release|Any CPU
		{693C6E37-E789-4E80-A4B6-DDFD5461BA37}.Debug|Any CPU.ActiveCfg = Debug|Any CPU
		{693C6E37-E789-4E80-A4B6-DDFD5461BA37}.Debug|Any CPU.Build.0 = Debug|Any CPU
		{693C6E37-E789-4E80-A4B6-DDFD5461BA37}.Release|Any CPU.ActiveCfg = Release|Any CPU
		{693C6E37-E789-4E80-A4B6-DDFD5461BA37}.Release|Any CPU.Build.0 = Release|Any CPU
		{99097C4C-C454-4C32-B5E3-646D00DDCE2E}.Debug|Any CPU.ActiveCfg = Debug|Any CPU
		{99097C4C-C454-4C32-B5E3-646D00DDCE2E}.Debug|Any CPU.Build.0 = Debug|Any CPU
		{99097C4C-C454-4C32-B5E3-646D00DDCE2E}.Release|Any CPU.ActiveCfg = Release|Any CPU
		{99097C4C-C454-4C32-B5E3-646D00DDCE2E}.Release|Any CPU.Build.0 = Release|Any CPU
	EndGlobalSection
	GlobalSection(SolutionProperties) = preSolution
		HideSolutionNode = FALSE
	EndGlobalSection
EndGlobal
